
Microsoft Visual Studio Solution File, Format Version 12.00
# Visual Studio Version 16
VisualStudioVersion = 16.0.30011.22
MinimumVisualStudioVersion = 10.0.40219.1
Project("{FAE04EC0-301F-11D3-BF4B-00C04F79EFBC}") = "Mohamed Shafik Mohamed Shafik", "Mohamed Shafik Mohamed Shafik\Mohamed Shafik Mohamed Shafik.csproj", "{5A046735-7A8E-49FB-831E-6C2DFFB3176A}"
EndProject
Global
	GlobalSection(SolutionConfigurationPlatforms) = preSolution
		Debug|Any CPU = Debug|Any CPU
		Release|Any CPU = Release|Any CPU
	EndGlobalSection
	GlobalSection(ProjectConfigurationPlatforms) = postSolution
		{5A046735-7A8E-49FB-831E-6C2DFFB3176A}.Debug|Any CPU.ActiveCfg = Debug|Any CPU
		{5A046735-7A8E-49FB-831E-6C2DFFB3176A}.Debug|Any CPU.Build.0 = Debug|Any CPU
		{5A046735-7A8E-49FB-831E-6C2DFFB3176A}.Release|Any CPU.ActiveCfg = Release|Any CPU
		{5A046735-7A8E-49FB-831E-6C2DFFB3176A}.Release|Any CPU.Build.0 = Release|Any CPU
	EndGlobalSection
	GlobalSection(SolutionProperties) = preSolution
		HideSolutionNode = FALSE
	EndGlobalSection
	GlobalSection(ExtensibilityGlobals) = postSolution
		SolutionGuid = {26166ED8-712F-4003-BB43-85867322AD43}
	EndGlobalSection
EndGlobal
